{
    "name": "pandora-contribution",
    "version": "1.0.0",
    "lockfileVersion": 1,
    "requires": true,
    "dependencies": {
        "@types/caseless": {
            "version": "0.12.2",
            "resolved": "https://registry.npm.taobao.org/@types/caseless/download/@types/caseless-0.12.2.tgz",
            "integrity": "sha1-9l09Y4ngHutFi9VNyPUrlalGO8g=",
            "dev": true
        },
        "@types/node": {
            "version": "13.7.1",
            "resolved": "https://registry.npm.taobao.org/@types/node/download/@types/node-13.7.1.tgz",
            "integrity": "sha1-I46zSmZDG3HSqt3qp9sWbyWXGg0=",
            "dev": true
        },
        "@types/request": {
            "version": "2.48.4",
            "resolved": "https://registry.npm.taobao.org/@types/request/download/@types/request-2.48.4.tgz?cache=0&other_urls=https%3A%2F%2Fregistry.npm.taobao.org%2F%40types%2Frequest%2Fdownload%2F%40types%2Frequest-2.48.4.tgz",
            "integrity": "sha1-3z1D17ntNVD+qhKGxuq/Bzjmz34=",
            "dev": true,
            "requires": {
                "@types/caseless": "*",
                "@types/node": "*",
                "@types/tough-cookie": "*",
                "form-data": "^2.5.0"
            }
        },
        "@types/request-promise-native": {
            "version": "1.0.17",
            "resolved": "https://registry.npm.taobao.org/@types/request-promise-native/download/@types/request-promise-native-1.0.17.tgz",
            "integrity": "sha1-dKLXJprr8Yub3zXwFFnPCnv8f6s=",
            "dev": true,
            "requires": {
                "@types/request": "*"
            }
        },
        "@types/tough-cookie": {
            "version": "2.3.6",
            "resolved": "https://registry.npm.taobao.org/@types/tough-cookie/download/@types/tough-cookie-2.3.6.tgz",
            "integrity": "sha1-yIBXngh9eg2xN3f/ivaJ9P/HsNU=",
            "dev": true
        },
        "asynckit": {
            "version": "0.4.0",
            "resolved": "http://registry.npm.taobao.org/asynckit/download/asynckit-0.4.0.tgz",
            "integrity": "sha1-x57Zf380y48robyXkLzDZkdLS3k=",
            "dev": true
        },
        "combined-stream": {
            "version": "1.0.8",
            "resolved": "https://registry.npm.taobao.org/combined-stream/download/combined-stream-1.0.8.tgz",
            "integrity": "sha1-w9RaizT9cwYxoRCoolIGgrMdWn8=",
            "dev": true,
            "requires": {
                "delayed-stream": "~1.0.0"
            }
        },
        "delayed-stream": {
            "version": "1.0.0",
            "resolved": "http://registry.npm.taobao.org/delayed-stream/download/delayed-stream-1.0.0.tgz",
            "integrity": "sha1-3zrhmayt+31ECqrgsp4icrJOxhk=",
            "dev": true
        },
        "form-data": {
            "version": "2.5.1",
            "resolved": "https://registry.npm.taobao.org/form-data/download/form-data-2.5.1.tgz",
            "integrity": "sha1-8svsV7XlniNxbhKP5E1OXdI4lfQ=",
            "dev": true,
            "requires": {
                "asynckit": "^0.4.0",
                "combined-stream": "^1.0.6",
                "mime-types": "^2.1.12"
            }
        },
        "lodash": {
            "version": "4.17.15",
            "resolved": "https://registry.npm.taobao.org/lodash/download/lodash-4.17.15.tgz?cache=0&sync_timestamp=1563508077056&other_urls=https%3A%2F%2Fregistry.npm.taobao.org%2Flodash%2Fdownload%2Flodash-4.17.15.tgz",
            "integrity": "sha1-tEf2ZwoEVbv+7dETku/zMOoJdUg="
        },
        "mime-db": {
            "version": "1.43.0",
            "resolved": "https://registry.npm.taobao.org/mime-db/download/mime-db-1.43.0.tgz?cache=0&sync_timestamp=1578281193492&other_urls=https%3A%2F%2Fregistry.npm.taobao.org%2Fmime-db%2Fdownload%2Fmime-db-1.43.0.tgz",
            "integrity": "sha1-ChLgUCZQ5HPXNVNQUOfI9OtPrlg=",
            "dev": true
        },
        "mime-types": {
            "version": "2.1.26",
            "resolved": "https://registry.npm.taobao.org/mime-types/download/mime-types-2.1.26.tgz?cache=0&sync_timestamp=1578282566609&other_urls=https%3A%2F%2Fregistry.npm.taobao.org%2Fmime-types%2Fdownload%2Fmime-types-2.1.26.tgz",
            "integrity": "sha1-nJIfwJt+FJpl39wNpNIJlyALCgY=",
            "dev": true,
            "requires": {
                "mime-db": "1.43.0"
            }
        },
        "typescript": {
            "version": "3.7.5",
            "resolved": "https://registry.npm.taobao.org/typescript/download/typescript-3.7.5.tgz",
            "integrity": "sha1-BpLiH2X9QQi5MwI4qsEd0uF3oa4=",
            "dev": true
        }
    }
}
